// !$*UTF8*$!
{
	archiveVersion = 1;
	classes = {
	};
	objectVersion = 56;
	objects = {

/* Begin PBXBuildFile section */
		838B9ED92D34290200BF2137 /* AppDelegate.swift in Sources */ = {isa = PBXBuildFile; fileRef = 838B9ED82D34290200BF2137 /* AppDelegate.swift */; };
		838B9EDB2D34290200BF2137 /* SceneDelegate.swift in Sources */ = {isa = PBXBuildFile; fileRef = 838B9EDA2D34290200BF2137 /* SceneDelegate.swift */; };
		838B9EDD2D34290200BF2137 /* HomeViewController.swift in Sources */ = {isa = PBXBuildFile; fileRef = 838B9EDC2D34290200BF2137 /* HomeViewController.swift */; };
		838B9EE22D34290500BF2137 /* Assets.xcassets in Resources */ = {isa = PBXBuildFile; fileRef = 838B9EE12D34290500BF2137 /* Assets.xcassets */; };
		838B9EE52D34290500BF2137 /* Base in Resources */ = {isa = PBXBuildFile; fileRef = 838B9EE42D34290500BF2137 /* Base */; };
		838B9EED2D344ADC00BF2137 /* TrailerViewController.swift in Sources */ = {isa = PBXBuildFile; fileRef = 838B9EEC2D344ADC00BF2137 /* TrailerViewController.swift */; };
		838B9EEF2D344E0800BF2137 /* trailers.json in Resources */ = {isa = PBXBuildFile; fileRef = 838B9EEE2D344E0800BF2137 /* trailers.json */; };
		838B9EF32D344E5100BF2137 /* Trailer.swift in Sources */ = {isa = PBXBuildFile; fileRef = 838B9EF22D344E5100BF2137 /* Trailer.swift */; };
		838B9EF72D39A41A00BF2137 /* HomeView.swift in Sources */ = {isa = PBXBuildFile; fileRef = 838B9EF62D39A41A00BF2137 /* HomeView.swift */; };
		838B9EFA2D39A58700BF2137 /* ViewCodable.swift in Sources */ = {isa = PBXBuildFile; fileRef = 838B9EF92D39A58700BF2137 /* ViewCodable.swift */; };
		838B9EFE2D39B2F500BF2137 /* HomeViewModel.swift in Sources */ = {isa = PBXBuildFile; fileRef = 838B9EFD2D39B2F500BF2137 /* HomeViewModel.swift */; };
		838B9F032D3AC2CA00BF2137 /* TrailerView.swift in Sources */ = {isa = PBXBuildFile; fileRef = 838B9F022D3AC2CA00BF2137 /* TrailerView.swift */; };
		83BBC8D42D3F00D800ED507E /* TrailerViewModel.swift in Sources */ = {isa = PBXBuildFile; fileRef = 83BBC8D32D3F00D800ED507E /* TrailerViewModel.swift */; };
		83BBC8D62D3F0C8900ED507E /* it.mp4 in Resources */ = {isa = PBXBuildFile; fileRef = 83BBC8D52D3F0C8900ED507E /* it.mp4 */; };
/* End PBXBuildFile section */

/* Begin PBXFileReference section */
		838B9ED52D34290200BF2137 /* TrailerFlix.app */ = {isa = PBXFileReference; explicitFileType = wrapper.application; includeInIndex = 0; path = TrailerFlix.app; sourceTree = BUILT_PRODUCTS_DIR; };
		838B9ED82D34290200BF2137 /* AppDelegate.swift */ = {isa = PBXFileReference; lastKnownFileType = sourcecode.swift; path = AppDelegate.swift; sourceTree = "<group>"; };
		838B9EDA2D34290200BF2137 /* SceneDelegate.swift */ = {isa = PBXFileReference; lastKnownFileType = sourcecode.swift; path = SceneDelegate.swift; sourceTree = "<group>"; };
		838B9EDC2D34290200BF2137 /* HomeViewController.swift */ = {isa = PBXFileReference; lastKnownFileType = sourcecode.swift; path = HomeViewController.swift; sourceTree = "<group>"; };
		838B9EE12D34290500BF2137 /* Assets.xcassets */ = {isa = PBXFileReference; lastKnownFileType = folder.assetcatalog; path = Assets.xcassets; sourceTree = "<group>"; };
		838B9EE42D34290500BF2137 /* Base */ = {isa = PBXFileReference; lastKnownFileType = file.storyboard; name = Base; path = Base.lproj/LaunchScreen.storyboard; sourceTree = "<group>"; };
		838B9EE62D34290500BF2137 /* Info.plist */ = {isa = PBXFileReference; lastKnownFileType = text.plist.xml; path = Info.plist; sourceTree = "<group>"; };
		838B9EEC2D344ADC00BF2137 /* TrailerViewController.swift */ = {isa = PBXFileReference; lastKnownFileType = sourcecode.swift; path = TrailerViewController.swift; sourceTree = "<group>"; };
		838B9EEE2D344E0800BF2137 /* trailers.json */ = {isa = PBXFileReference; fileEncoding = 4; lastKnownFileType = text.json; path = trailers.json; sourceTree = "<group>"; };
		838B9EF22D344E5100BF2137 /* Trailer.swift */ = {isa = PBXFileReference; lastKnownFileType = sourcecode.swift; path = Trailer.swift; sourceTree = "<group>"; };
		838B9EF62D39A41A00BF2137 /* HomeView.swift */ = {isa = PBXFileReference; lastKnownFileType = sourcecode.swift; path = HomeView.swift; sourceTree = "<group>"; };
		838B9EF92D39A58700BF2137 /* ViewCodable.swift */ = {isa = PBXFileReference; lastKnownFileType = sourcecode.swift; path = ViewCodable.swift; sourceTree = "<group>"; };
		838B9EFD2D39B2F500BF2137 /* HomeViewModel.swift */ = {isa = PBXFileReference; lastKnownFileType = sourcecode.swift; path = HomeViewModel.swift; sourceTree = "<group>"; };
		838B9F022D3AC2CA00BF2137 /* TrailerView.swift */ = {isa = PBXFileReference; lastKnownFileType = sourcecode.swift; path = TrailerView.swift; sourceTree = "<group>"; };
		83BBC8D32D3F00D800ED507E /* TrailerViewModel.swift */ = {isa = PBXFileReference; lastKnownFileType = sourcecode.swift; path = TrailerViewModel.swift; sourceTree = "<group>"; };
		83BBC8D52D3F0C8900ED507E /* it.mp4 */ = {isa = PBXFileReference; lastKnownFileType = file; path = it.mp4; sourceTree = "<group>"; };
/* End PBXFileReference section */

/* Begin PBXFrameworksBuildPhase section */
		838B9ED22D34290200BF2137 /* Frameworks */ = {
			isa = PBXFrameworksBuildPhase;
			buildActionMask = 2147483647;
			files = (
			);
			runOnlyForDeploymentPostprocessing = 0;
		};
/* End PBXFrameworksBuildPhase section */

/* Begin PBXGroup section */
		838B9ECC2D34290200BF2137 = {
			isa = PBXGroup;
			children = (
				838B9ED72D34290200BF2137 /* TrailerFlix */,
				838B9ED62D34290200BF2137 /* Products */,
			);
			sourceTree = "<group>";
		};
		838B9ED62D34290200BF2137 /* Products */ = {
			isa = PBXGroup;
			children = (
				838B9ED52D34290200BF2137 /* TrailerFlix.app */,
			);
			name = Products;
			sourceTree = "<group>";
		};
		838B9ED72D34290200BF2137 /* TrailerFlix */ = {
			isa = PBXGroup;
			children = (
				838B9F002D3AC1EF00BF2137 /* Trailers */,
				838B9EFF2D3A8B0600BF2137 /* Home */,
				838B9EF82D39A57A00BF2137 /* Utils */,
				838B9EEE2D344E0800BF2137 /* trailers.json */,
				838B9ED82D34290200BF2137 /* AppDelegate.swift */,
				838B9EDA2D34290200BF2137 /* SceneDelegate.swift */,
				838B9EE12D34290500BF2137 /* Assets.xcassets */,
				838B9EE32D34290500BF2137 /* LaunchScreen.storyboard */,
				838B9EE62D34290500BF2137 /* Info.plist */,
			);
			path = TrailerFlix;
			sourceTree = "<group>";
		};
		838B9EF02D344E3100BF2137 /* Model */ = {
			isa = PBXGroup;
			children = (
				838B9EF22D344E5100BF2137 /* Trailer.swift */,
			);
			path = Model;
			sourceTree = "<group>";
		};
		838B9EF42D39A03A00BF2137 /* ViewModel */ = {
			isa = PBXGroup;
			children = (
				838B9EFD2D39B2F500BF2137 /* HomeViewModel.swift */,
			);
			path = ViewModel;
			sourceTree = "<group>";
		};
		838B9EF52D39A04700BF2137 /* View */ = {
			isa = PBXGroup;
			children = (
				838B9EDC2D34290200BF2137 /* HomeViewController.swift */,
				838B9EF62D39A41A00BF2137 /* HomeView.swift */,
			);
			path = View;
			sourceTree = "<group>";
		};
		838B9EF82D39A57A00BF2137 /* Utils */ = {
			isa = PBXGroup;
			children = (
				838B9EF92D39A58700BF2137 /* ViewCodable.swift */,
			);
			path = Utils;
			sourceTree = "<group>";
		};
		838B9EFF2D3A8B0600BF2137 /* Home */ = {
			isa = PBXGroup;
			children = (
				838B9EF02D344E3100BF2137 /* Model */,
				838B9EF42D39A03A00BF2137 /* ViewModel */,
				838B9EF52D39A04700BF2137 /* View */,
			);
			path = Home;
			sourceTree = "<group>";
		};
		838B9F002D3AC1EF00BF2137 /* Trailers */ = {
			isa = PBXGroup;
			children = (
				83BBC8D72D3F0DE000ED507E /* TrailersFiles */,
				83BBC8D22D3F00C500ED507E /* ViewModel */,
				838B9F012D3AC1FB00BF2137 /* View */,
			);
			path = Trailers;
			sourceTree = "<group>";
		};
		838B9F012D3AC1FB00BF2137 /* View */ = {
			isa = PBXGroup;
			children = (
				838B9EEC2D344ADC00BF2137 /* TrailerViewController.swift */,
				838B9F022D3AC2CA00BF2137 /* TrailerView.swift */,
			);
			path = View;
			sourceTree = "<group>";
		};
		83BBC8D22D3F00C500ED507E /* ViewModel */ = {
			isa = PBXGroup;
			children = (
				83BBC8D32D3F00D800ED507E /* TrailerViewModel.swift */,
			);
			path = ViewModel;
			sourceTree = "<group>";
		};
		83BBC8D72D3F0DE000ED507E /* TrailersFiles */ = {
			isa = PBXGroup;
			children = (
				83BBC8D52D3F0C8900ED507E /* it.mp4 */,
			);
			path = TrailersFiles;
			sourceTree = "<group>";
		};
/* End PBXGroup section */

/* Begin PBXNativeTarget section */
		838B9ED42D34290200BF2137 /* TrailerFlix */ = {
			isa = PBXNativeTarget;
			buildConfigurationList = 838B9EE92D34290500BF2137 /* Build configuration list for PBXNativeTarget "TrailerFlix" */;
			buildPhases = (
				838B9ED12D34290200BF2137 /* Sources */,
				838B9ED22D34290200BF2137 /* Frameworks */,
				838B9ED32D34290200BF2137 /* Resources */,
			);
			buildRules = (
			);
			dependencies = (
			);
			name = TrailerFlix;
			productName = TrailerFlix;
			productReference = 838B9ED52D34290200BF2137 /* TrailerFlix.app */;
			productType = "com.apple.product-type.application";
		};
/* End PBXNativeTarget section */

/* Begin PBXProject section */
		838B9ECD2D34290200BF2137 /* Project object */ = {
			isa = PBXProject;
			attributes = {
				BuildIndependentTargetsInParallel = 1;
				LastSwiftUpdateCheck = 1540;
				LastUpgradeCheck = 1540;
				TargetAttributes = {
					838B9ED42D34290200BF2137 = {
						CreatedOnToolsVersion = 15.4;
					};
				};
			};
			buildConfigurationList = 838B9ED02D34290200BF2137 /* Build configuration list for PBXProject "TrailerFlix" */;
			compatibilityVersion = "Xcode 14.0";
			developmentRegion = en;
			hasScannedForEncodings = 0;
			knownRegions = (
				en,
				Base,
			);
			mainGroup = 838B9ECC2D34290200BF2137;
			productRefGroup = 838B9ED62D34290200BF2137 /* Products */;
			projectDirPath = "";
			projectRoot = "";
			targets = (
				838B9ED42D34290200BF2137 /* TrailerFlix */,
			);
		};
/* End PBXProject section */

/* Begin PBXResourcesBuildPhase section */
		838B9ED32D34290200BF2137 /* Resources */ = {
			isa = PBXResourcesBuildPhase;
			buildActionMask = 2147483647;
			files = (
				838B9EE22D34290500BF2137 /* Assets.xcassets in Resources */,
				838B9EE52D34290500BF2137 /* Base in Resources */,
				83BBC8D62D3F0C8900ED507E /* it.mp4 in Resources */,
				838B9EEF2D344E0800BF2137 /* trailers.json in Resources */,
			);
			runOnlyForDeploymentPostprocessing = 0;
		};
/* End PBXResourcesBuildPhase section */

/* Begin PBXSourcesBuildPhase section */
		838B9ED12D34290200BF2137 /* Sources */ = {
			isa = PBXSourcesBuildPhase;
			buildActionMask = 2147483647;
			files = (
				838B9EED2D344ADC00BF2137 /* TrailerViewController.swift in Sources */,
				838B9EF32D344E5100BF2137 /* Trailer.swift in Sources */,
				838B9F032D3AC2CA00BF2137 /* TrailerView.swift in Sources */,
				838B9EDD2D34290200BF2137 /* HomeViewController.swift in Sources */,
				83BBC8D42D3F00D800ED507E /* TrailerViewModel.swift in Sources */,
				838B9EFE2D39B2F500BF2137 /* HomeViewModel.swift in Sources */,
				838B9EF72D39A41A00BF2137 /* HomeView.swift in Sources */,
				838B9EFA2D39A58700BF2137 /* ViewCodable.swift in Sources */,
				838B9ED92D34290200BF2137 /* AppDelegate.swift in Sources */,
				838B9EDB2D34290200BF2137 /* SceneDelegate.swift in Sources */,
			);
			runOnlyForDeploymentPostprocessing = 0;
		};
/* End PBXSourcesBuildPhase section */

/* Begin PBXVariantGroup section */
		838B9EE32D34290500BF2137 /* LaunchScreen.storyboard */ = {
			isa = PBXVariantGroup;
			children = (
				838B9EE42D34290500BF2137 /* Base */,
			);
			name = LaunchScreen.storyboard;
			sourceTree = "<group>";
		};
/* End PBXVariantGroup section */

/* Begin XCBuildConfiguration section */
		838B9EE72D34290500BF2137 /* Debug */ = {
			isa = XCBuildConfiguration;
			buildSettings = {
				ALWAYS_SEARCH_USER_PATHS = NO;
				ASSETCATALOG_COMPILER_GENERATE_SWIFT_ASSET_SYMBOL_EXTENSIONS = YES;
				CLANG_ANALYZER_NONNULL = YES;
				CLANG_ANALYZER_NUMBER_OBJECT_CONVERSION = YES_AGGRESSIVE;
				CLANG_CXX_LANGUAGE_STANDARD = "gnu++20";
				CLANG_ENABLE_MODULES = YES;
				CLANG_ENABLE_OBJC_ARC = YES;
				CLANG_ENABLE_OBJC_WEAK = YES;
				CLANG_WARN_BLOCK_CAPTURE_AUTORELEASING = YES;
				CLANG_WARN_BOOL_CONVERSION = YES;
				CLANG_WARN_COMMA = YES;
				CLANG_WARN_CONSTANT_CONVERSION = YES;
				CLANG_WARN_DEPRECATED_OBJC_IMPLEMENTATIONS = YES;
				CLANG_WARN_DIRECT_OBJC_ISA_USAGE = YES_ERROR;
				CLANG_WARN_DOCUMENTATION_COMMENTS = YES;
				CLANG_WARN_EMPTY_BODY = YES;
				CLANG_WARN_ENUM_CONVERSION = YES;
				CLANG_WARN_INFINITE_RECURSION = YES;
				CLANG_WARN_INT_CONVERSION = YES;
				CLANG_WARN_NON_LITERAL_NULL_CONVERSION = YES;
				CLANG_WARN_OBJC_IMPLICIT_RETAIN_SELF = YES;
				CLANG_WARN_OBJC_LITERAL_CONVERSION = YES;
				CLANG_WARN_OBJC_ROOT_CLASS = YES_ERROR;
				CLANG_WARN_QUOTED_INCLUDE_IN_FRAMEWORK_HEADER = YES;
				CLANG_WARN_RANGE_LOOP_ANALYSIS = YES;
				CLANG_WARN_STRICT_PROTOTYPES = YES;
				CLANG_WARN_SUSPICIOUS_MOVE = YES;
				CLANG_WARN_UNGUARDED_AVAILABILITY = YES_AGGRESSIVE;
				CLANG_WARN_UNREACHABLE_CODE = YES;
				CLANG_WARN__DUPLICATE_METHOD_MATCH = YES;
				COPY_PHASE_STRIP = NO;
				DEBUG_INFORMATION_FORMAT = dwarf;
				ENABLE_STRICT_OBJC_MSGSEND = YES;
				ENABLE_TESTABILITY = YES;
				ENABLE_USER_SCRIPT_SANDBOXING = YES;
				GCC_C_LANGUAGE_STANDARD = gnu17;
				GCC_DYNAMIC_NO_PIC = NO;
				GCC_NO_COMMON_BLOCKS = YES;
				GCC_OPTIMIZATION_LEVEL = 0;
				GCC_PREPROCESSOR_DEFINITIONS = (
					"DEBUG=1",
					"$(inherited)",
				);
				GCC_WARN_64_TO_32_BIT_CONVERSION = YES;
				GCC_WARN_ABOUT_RETURN_TYPE = YES_ERROR;
				GCC_WARN_UNDECLARED_SELECTOR = YES;
				GCC_WARN_UNINITIALIZED_AUTOS = YES_AGGRESSIVE;
				GCC_WARN_UNUSED_FUNCTION = YES;
				GCC_WARN_UNUSED_VARIABLE = YES;
				IPHONEOS_DEPLOYMENT_TARGET = 17.5;
				LOCALIZATION_PREFERS_STRING_CATALOGS = YES;
				MTL_ENABLE_DEBUG_INFO = INCLUDE_SOURCE;
				MTL_FAST_MATH = YES;
				ONLY_ACTIVE_ARCH = YES;
				SDKROOT = iphoneos;
				SWIFT_ACTIVE_COMPILATION_CONDITIONS = "DEBUG $(inherited)";
				SWIFT_OPTIMIZATION_LEVEL = "-Onone";
			};
			name = Debug;
		};
		838B9EE82D34290500BF2137 /* Release */ = {
			isa = XCBuildConfiguration;
			buildSettings = {
				ALWAYS_SEARCH_USER_PATHS = NO;
				ASSETCATALOG_COMPILER_GENERATE_SWIFT_ASSET_SYMBOL_EXTENSIONS = YES;
				CLANG_ANALYZER_NONNULL = YES;
				CLANG_ANALYZER_NUMBER_OBJECT_CONVERSION = YES_AGGRESSIVE;
				CLANG_CXX_LANGUAGE_STANDARD = "gnu++20";
				CLANG_ENABLE_MODULES = YES;
				CLANG_ENABLE_OBJC_ARC = YES;
				CLANG_ENABLE_OBJC_WEAK = YES;
				CLANG_WARN_BLOCK_CAPTURE_AUTORELEASING = YES;
				CLANG_WARN_BOOL_CONVERSION = YES;
				CLANG_WARN_COMMA = YES;
				CLANG_WARN_CONSTANT_CONVERSION = YES;
				CLANG_WARN_DEPRECATED_OBJC_IMPLEMENTATIONS = YES;
				CLANG_WARN_DIRECT_OBJC_ISA_USAGE = YES_ERROR;
				CLANG_WARN_DOCUMENTATION_COMMENTS = YES;
				CLANG_WARN_EMPTY_BODY = YES;
				CLANG_WARN_ENUM_CONVERSION = YES;
				CLANG_WARN_INFINITE_RECURSION = YES;
				CLANG_WARN_INT_CONVERSION = YES;
				CLANG_WARN_NON_LITERAL_NULL_CONVERSION = YES;
				CLANG_WARN_OBJC_IMPLICIT_RETAIN_SELF = YES;
				CLANG_WARN_OBJC_LITERAL_CONVERSION = YES;
				CLANG_WARN_OBJC_ROOT_CLASS = YES_ERROR;
				CLANG_WARN_QUOTED_INCLUDE_IN_FRAMEWORK_HEADER = YES;
				CLANG_WARN_RANGE_LOOP_ANALYSIS = YES;
				CLANG_WARN_STRICT_PROTOTYPES = YES;
				CLANG_WARN_SUSPICIOUS_MOVE = YES;
				CLANG_WARN_UNGUARDED_AVAILABILITY = YES_AGGRESSIVE;
				CLANG_WARN_UNREACHABLE_CODE = YES;
				CLANG_WARN__DUPLICATE_METHOD_MATCH = YES;
				COPY_PHASE_STRIP = NO;
				DEBUG_INFORMATION_FORMAT = "dwarf-with-dsym";
				ENABLE_NS_ASSERTIONS = NO;
				ENABLE_STRICT_OBJC_MSGSEND = YES;
				ENABLE_USER_SCRIPT_SANDBOXING = YES;
				GCC_C_LANGUAGE_STANDARD = gnu17;
				GCC_NO_COMMON_BLOCKS = YES;
				GCC_WARN_64_TO_32_BIT_CONVERSION = YES;
				GCC_WARN_ABOUT_RETURN_TYPE = YES_ERROR;
				GCC_WARN_UNDECLARED_SELECTOR = YES;
				GCC_WARN_UNINITIALIZED_AUTOS = YES_AGGRESSIVE;
				GCC_WARN_UNUSED_FUNCTION = YES;
				GCC_WARN_UNUSED_VARIABLE = YES;
				IPHONEOS_DEPLOYMENT_TARGET = 17.5;
				LOCALIZATION_PREFERS_STRING_CATALOGS = YES;
				MTL_ENABLE_DEBUG_INFO = NO;
				MTL_FAST_MATH = YES;
				SDKROOT = iphoneos;
				SWIFT_COMPILATION_MODE = wholemodule;
				VALIDATE_PRODUCT = YES;
			};
			name = Release;
		};
		838B9EEA2D34290500BF2137 /* Debug */ = {
			isa = XCBuildConfiguration;
			buildSettings = {
				ASSETCATALOG_COMPILER_APPICON_NAME = AppIcon;
				ASSETCATALOG_COMPILER_GLOBAL_ACCENT_COLOR_NAME = AccentColor;
				CODE_SIGN_IDENTITY = "Apple Development";
				CODE_SIGN_STYLE = Automatic;
				CURRENT_PROJECT_VERSION = 1;
				DEVELOPMENT_TEAM = WYT4L3DK87;
				GENERATE_INFOPLIST_FILE = YES;
				INFOPLIST_FILE = TrailerFlix/Info.plist;
				INFOPLIST_KEY_UIApplicationSupportsIndirectInputEvents = YES;
				INFOPLIST_KEY_UILaunchStoryboardName = LaunchScreen;
				INFOPLIST_KEY_UISupportedInterfaceOrientations = "UIInterfaceOrientationLandscapeLeft UIInterfaceOrientationLandscapeRight";
				INFOPLIST_KEY_UISupportedInterfaceOrientations_iPad = "UIInterfaceOrientationLandscapeLeft UIInterfaceOrientationLandscapeRight UIInterfaceOrientationPortrait UIInterfaceOrientationPortraitUpsideDown";
				LD_RUNPATH_SEARCH_PATHS = (
					"$(inherited)",
					"@executable_path/Frameworks",
				);
				MARKETING_VERSION = 1.0;
				PRODUCT_BUNDLE_IDENTIFIER = br.com.michellicristina.TrailerFlix;
				PRODUCT_NAME = "$(TARGET_NAME)";
				PROVISIONING_PROFILE_SPECIFIER = "";
				SWIFT_EMIT_LOC_STRINGS = YES;
				SWIFT_VERSION = 5.0;
				TARGETED_DEVICE_FAMILY = "1,2";
			};
			name = Debug;
		};
		838B9EEB2D34290500BF2137 /* Release */ = {
			isa = XCBuildConfiguration;
			buildSettings = {
				ASSETCATALOG_COMPILER_APPICON_NAME = AppIcon;
				ASSETCATALOG_COMPILER_GLOBAL_ACCENT_COLOR_NAME = AccentColor;
				CODE_SIGN_IDENTITY = "Apple Development";
				CODE_SIGN_STYLE = Automatic;
				CURRENT_PROJECT_VERSION = 1;
				DEVELOPMENT_TEAM = WYT4L3DK87;
				GENERATE_INFOPLIST_FILE = YES;
				INFOPLIST_FILE = TrailerFlix/Info.plist;
				INFOPLIST_KEY_UIApplicationSupportsIndirectInputEvents = YES;
				INFOPLIST_KEY_UILaunchStoryboardName = LaunchScreen;
				INFOPLIST_KEY_UISupportedInterfaceOrientations = "UIInterfaceOrientationLandscapeLeft UIInterfaceOrientationLandscapeRight";
				INFOPLIST_KEY_UISupportedInterfaceOrientations_iPad = "UIInterfaceOrientationLandscapeLeft UIInterfaceOrientationLandscapeRight UIInterfaceOrientationPortrait UIInterfaceOrientationPortraitUpsideDown";
				LD_RUNPATH_SEARCH_PATHS = (
					"$(inherited)",
					"@executable_path/Frameworks",
				);
				MARKETING_VERSION = 1.0;
				PRODUCT_BUNDLE_IDENTIFIER = br.com.michellicristina.TrailerFlix;
				PRODUCT_NAME = "$(TARGET_NAME)";
				PROVISIONING_PROFILE_SPECIFIER = "";
				SWIFT_EMIT_LOC_STRINGS = YES;
				SWIFT_VERSION = 5.0;
				TARGETED_DEVICE_FAMILY = "1,2";
			};
			name = Release;
		};
/* End XCBuildConfiguration section */

/* Begin XCConfigurationList section */
		838B9ED02D34290200BF2137 /* Build configuration list for PBXProject "TrailerFlix" */ = {
			isa = XCConfigurationList;
			buildConfigurations = (
				838B9EE72D34290500BF2137 /* Debug */,
				838B9EE82D34290500BF2137 /* Release */,
			);
			defaultConfigurationIsVisible = 0;
			defaultConfigurationName = Release;
		};
		838B9EE92D34290500BF2137 /* Build configuration list for PBXNativeTarget "TrailerFlix" */ = {
			isa = XCConfigurationList;
			buildConfigurations = (
				838B9EEA2D34290500BF2137 /* Debug */,
				838B9EEB2D34290500BF2137 /* Release */,
			);
			defaultConfigurationIsVisible = 0;
			defaultConfigurationName = Release;
		};
/* End XCConfigurationList section */
	};
	rootObject = 838B9ECD2D34290200BF2137 /* Project object */;
}
